
Microsoft Visual Studio Solution File, Format Version 12.00
# Visual Studio 15
VisualStudioVersion = 15.0.27004.2002
MinimumVisualStudioVersion = 10.0.40219.1
Project("{9A19103F-16F7-4668-BE54-9A1E7A4F7556}") = "TfsGitApiProject", "TfsGitApiProject\TfsGitApiProject.csproj", "{5EFDC024-4159-4D63-BA58-6CC564581E12}"
EndProject
Global
	GlobalSection(SolutionConfigurationPlatforms) = preSolution
		Debug|Any CPU = Debug|Any CPU
		Release|Any CPU = Release|Any CPU
	EndGlobalSection
	GlobalSection(ProjectConfigurationPlatforms) = postSolution
		{5EFDC024-4159-4D63-BA58-6CC564581E12}.Debug|Any CPU.ActiveCfg = Debug|Any CPU
		{5EFDC024-4159-4D63-BA58-6CC564581E12}.Debug|Any CPU.Build.0 = Debug|Any CPU
		{5EFDC024-4159-4D63-BA58-6CC564581E12}.Release|Any CPU.ActiveCfg = Release|Any CPU
		{5EFDC024-4159-4D63-BA58-6CC564581E12}.Release|Any CPU.Build.0 = Release|Any CPU
	EndGlobalSection
	GlobalSection(SolutionProperties) = preSolution
		HideSolutionNode = FALSE
	EndGlobalSection
	GlobalSection(ExtensibilityGlobals) = postSolution
		SolutionGuid = {0E2313F5-5A18-4656-8E90-78DA3C300E50}
	EndGlobalSection
EndGlobal
